lockfileVersion: '9.0'

settings:
  autoInstallPeers: true
  excludeLinksFromLockfile: false

importers:

  .:
    dependencies:
      p-throttle:
        specifier: ^7.0.0
        version: 7.0.0
    devDependencies:
      '@types/node':
        specifier: ^22.15.2
        version: 22.15.2
      typescript:
        specifier: ^5.8.3
        version: 5.8.3

packages:

  '@types/node@22.15.2':
    resolution: {integrity: sha512-uKXqKN9beGoMdBfcaTY1ecwz6ctxuJAcUlwE55938g0ZJ8lRxwAZqRz2AJ4pzpt5dHdTPMB863UZ0ESiFUcP7A==}

  p-throttle@7.0.0:
    resolution: {integrity: sha512-aio0v+S0QVkH1O+9x4dHtD4dgCExACcL+3EtNaGqC01GBudS9ijMuUsmN8OVScyV4OOp0jqdLShZFuSlbL/AsA==}
    engines: {node: '>=18'}

  typescript@5.8.3:
    resolution: {integrity: sha512-p1diW6TqL9L07nNxvRMM7hMMw4c5XOo/1ibL4aAIGmSAt9slTE1Xgw5KWuof2uTOvCg9BY7ZRi+GaF+7sfgPeQ==}
    engines: {node: '>=14.17'}
    hasBin: true

  undici-types@6.21.0:
    resolution: {integrity: sha512-iwDZqg0QAGrg9Rav5H4n0M64c3mkR59cJ6wQp+7C4nI0gsmExaedaYLNO44eT4AtBBwjbTiGPMlt2Md0T9H9JQ==}

snapshots:

  '@types/node@22.15.2':
    dependencies:
      undici-types: 6.21.0

  p-throttle@7.0.0: {}

  typescript@5.8.3: {}

  undici-types@6.21.0: {}
