lockfileVersion: '9.0'

settings:
  autoInstallPeers: true
  excludeLinksFromLockfile: false

importers:

  .:
    dependencies:
      p-throttle:
        specifier: ^7.0.0
        version: 7.0.0
    devDependencies:
      '@types/node':
        specifier: ^22.14.1
        version: 22.14.1
      typescript:
        specifier: ^5.7.3
        version: 5.7.3

packages:

  '@types/node@22.14.1':
    resolution: {integrity: sha512-u0HuPQwe/dHrItgHHpmw3N2fYCR6x4ivMNbPHRkBVP4CvN+kiRrKHWk3i8tXiO/joPwXLMYvF9TTF0eqgHIuOw==}

  p-throttle@7.0.0:
    resolution: {integrity: sha512-aio0v+S0QVkH1O+9x4dHtD4dgCExACcL+3EtNaGqC01GBudS9ijMuUsmN8OVScyV4OOp0jqdLShZFuSlbL/AsA==}
    engines: {node: '>=18'}

  typescript@5.7.3:
    resolution: {integrity: sha512-84MVSjMEHP+FQRPy3pX9sTVV/INIex71s9TL2Gm5FG/WG1SqXeKyZ0k7/blY/4FdOzI12CBy1vGc4og/eus0fw==}
    engines: {node: '>=14.17'}
    hasBin: true

  undici-types@6.21.0:
    resolution: {integrity: sha512-iwDZqg0QAGrg9Rav5H4n0M64c3mkR59cJ6wQp+7C4nI0gsmExaedaYLNO44eT4AtBBwjbTiGPMlt2Md0T9H9JQ==}

snapshots:

  '@types/node@22.14.1':
    dependencies:
      undici-types: 6.21.0

  p-throttle@7.0.0: {}

  typescript@5.7.3: {}

  undici-types@6.21.0: {}
