lockfileVersion: '9.0'

settings:
  autoInstallPeers: true
  excludeLinksFromLockfile: false

importers:

  .:
    dependencies:
      p-throttle:
        specifier: ^4.0.0
        version: 4.1.1

packages:

  p-throttle@4.1.1:
    resolution: {integrity: sha512-TuU8Ato+pRTPJoDzYD4s7ocJYcNSEZRvlxoq3hcPI2kZDZ49IQ1Wkj7/gDJc3X7XiEAAvRGtDzdXJI0tC3IL1g==}
    engines: {node: '>=10'}

snapshots:

  p-throttle@4.1.1: {}
